{
    "_readme": [
        "This file locks the dependencies of your project to a known state",
        "Read more about it at https://getcomposer.org/doc/01-basic-usage.md#installing-dependencies",
        "This file is @generated automatically"
    ],
    "content-hash": "7c284fee9f7dc269ce53ecd3caa996c9",
    "packages": [
        {
            "name": "adriangibbons/php-fit-file-analysis",
            "version": "v3.2.4",
            "source": {
                "type": "git",
                "url": "https://github.com/adriangibbons/php-fit-file-analysis.git",
                "reference": "8efd36b1b963f01c42dc5329626519c040dec664"
            },
            "dist": {
                "type": "zip",
                "url": "https://api.github.com/repos/adriangibbons/php-fit-file-analysis/zipball/8efd36b1b963f01c42dc5329626519c040dec664",
                "reference": "8efd36b1b963f01c42dc5329626519c040dec664",
                "shasum": ""
            },
            "require-dev": {
                "phpunit/phpunit": "4.8.*",
                "satooshi/php-coveralls": "^2.0",
                "squizlabs/php_codesniffer": "2.*"
            },
            "type": "library",
            "autoload": {
                "psr-4": {
                    "adriangibbons\\": "src/"
                }
            },
            "notification-url": "https://packagist.org/downloads/",
            "description": "A PHP class for analysing FIT files created by Garmin GPS devices",
            "homepage": "https://github.com/adriangibbons/php-fit-file-analysis",
            "keywords": [
                "Fit",
                "garmin"
            ],
            "support": {
                "issues": "https://github.com/adriangibbons/php-fit-file-analysis/issues",
                "source": "https://github.com/adriangibbons/php-fit-file-analysis/tree/master"
            },
            "time": "2019-11-20T06:58:56+00:00"
        },
        {
            "name": "lsolesen/pel",
            "version": "0.9.12",
            "source": {
                "type": "git",
                "url": "https://github.com/pel/pel.git",
                "reference": "b95fe29cdacf9d36330da277f10910a13648c84c"
            },
            "dist": {
                "type": "zip",
                "url": "https://api.github.com/repos/pel/pel/zipball/b95fe29cdacf9d36330da277f10910a13648c84c",
                "reference": "b95fe29cdacf9d36330da277f10910a13648c84c",
                "shasum": ""
            },
            "require": {
                "php": ">=7.1.0"
            },
            "require-dev": {
                "ext-exif": "*",
                "ext-gd": "*",
                "php-coveralls/php-coveralls": ">2.4",
                "squizlabs/php_codesniffer": ">3.5",
                "symfony/phpunit-bridge": "^4 || ^5"
            },
            "type": "library",
            "autoload": {
                "psr-4": {
                    "lsolesen\\pel\\": "src/"
                }
            },
            "notification-url": "https://packagist.org/downloads/",
            "license": [
                "GPL-2.0"
            ],
            "authors": [
                {
                    "name": "Lars Olesen",
                    "email": "lars@intraface.dk",
                    "homepage": "http://intraface.dk",
                    "role": "Developer"
                },
                {
                    "name": "Martin Geisler",
                    "email": "martin@geisler.net",
                    "homepage": "http://geisler.net",
                    "role": "Developer"
                }
            ],
            "description": "PHP Exif Library. A library for reading and writing Exif headers in JPEG and TIFF images using PHP.",
            "homepage": "http://pel.github.com/pel/",
            "keywords": [
                "exif",
                "image"
            ],
            "support": {
                "issues": "https://github.com/pel/pel/issues",
                "source": "https://github.com/pel/pel/tree/0.9.12"
            },
            "time": "2022-02-18T13:20:54+00:00"
        },
        {
            "name": "sibyx/phpgpx",
            "version": "1.2.1",
            "source": {
                "type": "git",
                "url": "https://github.com/Sibyx/phpGPX.git",
                "reference": "ae2fc57617ded987710e22128d94a0c20d4401da"
            },
            "dist": {
                "type": "zip",
                "url": "https://api.github.com/repos/Sibyx/phpGPX/zipball/ae2fc57617ded987710e22128d94a0c20d4401da",
                "reference": "ae2fc57617ded987710e22128d94a0c20d4401da",
                "shasum": ""
            },
            "require": {
                "ext-dom": "*",
                "ext-simplexml": "*",
                "lib-libxml": "*",
                "php": ">=5.5"
            },
            "require-dev": {
                "evert/phpdoc-md": "~0.2.0",
                "friendsofphp/php-cs-fixer": "^2.18",
                "phpunit/phpunit": "^6.5"
            },
            "type": "library",
            "autoload": {
                "psr-4": {
                    "phpGPX\\": "src/phpGPX/"
                }
            },
            "notification-url": "https://packagist.org/downloads/",
            "license": [
                "MIT"
            ],
            "authors": [
                {
                    "name": "Jakub Dubec",
                    "email": "jakub.dubec@gmail.com",
                    "homepage": "https://jakubdubec.me"
                }
            ],
            "description": "A simple PHP library for GPX import/export",
            "support": {
                "issues": "https://github.com/Sibyx/phpGPX/issues",
                "source": "https://github.com/Sibyx/phpGPX/tree/1.2.1"
            },
            "time": "2022-07-30T20:25:35+00:00"
        }
    ],
    "packages-dev": [],
    "aliases": [],
    "minimum-stability": "stable",
    "stability-flags": [],
    "prefer-stable": false,
    "prefer-lowest": false,
    "platform": [],
    "platform-dev": [],
    "plugin-api-version": "2.2.0"
}
