{
    "_readme": [
        "This file locks the dependencies of your project to a known state",
        "Read more about it at https://getcomposer.org/doc/01-basic-usage.md#installing-dependencies",
        "This file is @generated automatically"
    ],
    "content-hash": "c11092f3cf04d609d754f447c26bdc05",
    "packages": [
        {
            "name": "adriangibbons/php-fit-file-analysis",
            "version": "v3.2.4",
            "source": {
                "type": "git",
                "url": "https://github.com/adriangibbons/php-fit-file-analysis.git",
                "reference": "8efd36b1b963f01c42dc5329626519c040dec664"
            },
            "dist": {
                "type": "zip",
                "url": "https://api.github.com/repos/adriangibbons/php-fit-file-analysis/zipball/8efd36b1b963f01c42dc5329626519c040dec664",
                "reference": "8efd36b1b963f01c42dc5329626519c040dec664",
                "shasum": ""
            },
            "require-dev": {
                "phpunit/phpunit": "4.8.*",
                "satooshi/php-coveralls": "^2.0",
                "squizlabs/php_codesniffer": "2.*"
            },
            "type": "library",
            "autoload": {
                "psr-4": {
                    "adriangibbons\\": "src/"
                }
            },
            "notification-url": "https://packagist.org/downloads/",
            "description": "A PHP class for analysing FIT files created by Garmin GPS devices",
            "homepage": "https://github.com/adriangibbons/php-fit-file-analysis",
            "keywords": [
                "Fit",
                "garmin"
            ],
            "support": {
                "issues": "https://github.com/adriangibbons/php-fit-file-analysis/issues",
                "source": "https://github.com/adriangibbons/php-fit-file-analysis/tree/master"
            },
            "time": "2019-11-20T06:58:56+00:00"
        },
        {
            "name": "sibyx/phpgpx",
            "version": "1.1.3",
            "source": {
                "type": "git",
                "url": "https://github.com/Sibyx/phpGPX.git",
                "reference": "6ef84c61e5e2d8e4e50834c13586af88af4614fb"
            },
            "dist": {
                "type": "zip",
                "url": "https://api.github.com/repos/Sibyx/phpGPX/zipball/6ef84c61e5e2d8e4e50834c13586af88af4614fb",
                "reference": "6ef84c61e5e2d8e4e50834c13586af88af4614fb",
                "shasum": ""
            },
            "require": {
                "ext-dom": "*",
                "ext-simplexml": "*",
                "lib-libxml": "*",
                "php": ">=5.5"
            },
            "require-dev": {
                "evert/phpdoc-md": "~0.2.0",
                "friendsofphp/php-cs-fixer": "^2.18",
                "phpunit/phpunit": "^6.5"
            },
            "type": "library",
            "autoload": {
                "psr-4": {
                    "phpGPX\\": "src/phpGPX/"
                }
            },
            "notification-url": "https://packagist.org/downloads/",
            "license": [
                "MIT"
            ],
            "authors": [
                {
                    "name": "Jakub Dubec",
                    "email": "jakub.dubec@gmail.com",
                    "homepage": "https://jakubdubec.me"
                }
            ],
            "description": "A simple PHP library for GPX import/export",
            "support": {
                "issues": "https://github.com/Sibyx/phpGPX/issues",
                "source": "https://github.com/Sibyx/phpGPX/tree/1.1.3"
            },
            "time": "2021-07-29T14:51:51+00:00"
        }
    ],
    "packages-dev": [],
    "aliases": [],
    "minimum-stability": "stable",
    "stability-flags": [],
    "prefer-stable": false,
    "prefer-lowest": false,
    "platform": [],
    "platform-dev": [],
    "plugin-api-version": "2.2.0"
}
